
Microsoft Visual Studio Solution File, Format Version 12.00
# Visual Studio Version 16
VisualStudioVersion = 16.0.31911.196
MinimumVisualStudioVersion = 10.0.40219.1
Project("{FAE04EC0-301F-11D3-BF4B-00C04F79EFBC}") = "MvcMovie", "MvcMovie.csproj", "{E6FCAFA9-6846-45EE-A40E-4D7BF9D78F1D}"
EndProject
Global
	GlobalSection(SolutionConfigurationPlatforms) = preSolution
		Debug|Any CPU = Debug|Any CPU
		Release|Any CPU = Release|Any CPU
	EndGlobalSection
	GlobalSection(ProjectConfigurationPlatforms) = postSolution
		{E6FCAFA9-6846-45EE-A40E-4D7BF9D78F1D}.Debug|Any CPU.ActiveCfg = Debug|Any CPU
		{E6FCAFA9-6846-45EE-A40E-4D7BF9D78F1D}.Debug|Any CPU.Build.0 = Debug|Any CPU
		{E6FCAFA9-6846-45EE-A40E-4D7BF9D78F1D}.Release|Any CPU.ActiveCfg = Release|Any CPU
		{E6FCAFA9-6846-45EE-A40E-4D7BF9D78F1D}.Release|Any CPU.Build.0 = Release|Any CPU
	EndGlobalSection
	GlobalSection(SolutionProperties) = preSolution
		HideSolutionNode = FALSE
	EndGlobalSection
	GlobalSection(ExtensibilityGlobals) = postSolution
		SolutionGuid = {B611B545-3586-461C-A884-049C96F20BC6}
	EndGlobalSection
EndGlobal
